
Microsoft Visual Studio Solution File, Format Version 12.00
# Visual Studio Version 17
VisualStudioVersion = 17.5.002.0
MinimumVisualStudioVersion = 10.0.40219.1
Project("{9A19103F-16F7-4668-BE54-9A1E7A4F7556}") = "InventrySystem", "InventrySystem.csproj", "{2E78ADF5-85E5-4932-999E-9DA62CDD0C22}"
EndProject
Global
	GlobalSection(SolutionConfigurationPlatforms) = preSolution
		Debug|Any CPU = Debug|Any CPU
		Release|Any CPU = Release|Any CPU
	EndGlobalSection
	GlobalSection(ProjectConfigurationPlatforms) = postSolution
		{2E78ADF5-85E5-4932-999E-9DA62CDD0C22}.Debug|Any CPU.ActiveCfg = Debug|Any CPU
		{2E78ADF5-85E5-4932-999E-9DA62CDD0C22}.Debug|Any CPU.Build.0 = Debug|Any CPU
		{2E78ADF5-85E5-4932-999E-9DA62CDD0C22}.Release|Any CPU.ActiveCfg = Release|Any CPU
		{2E78ADF5-85E5-4932-999E-9DA62CDD0C22}.Release|Any CPU.Build.0 = Release|Any CPU
	EndGlobalSection
	GlobalSection(SolutionProperties) = preSolution
		HideSolutionNode = FALSE
	EndGlobalSection
	GlobalSection(ExtensibilityGlobals) = postSolution
		SolutionGuid = {F561446A-FB5C-48AB-84C2-D3346C017752}
	EndGlobalSection
EndGlobal
